
Microsoft Visual Studio Solution File, Format Version 12.00
# Visual Studio Version 16
VisualStudioVersion = 16.0.31025.194
MinimumVisualStudioVersion = 10.0.40219.1
Project("{FAE04EC0-301F-11D3-BF4B-00C04F79EFBC}") = "ASDF", "ASDF\ASDF.csproj", "{78741629-3EBE-4AA4-BE92-211576FD9E69}"
EndProject
Global
	GlobalSection(SolutionConfigurationPlatforms) = preSolution
		Debug|Any CPU = Debug|Any CPU
		Release|Any CPU = Release|Any CPU
	EndGlobalSection
	GlobalSection(ProjectConfigurationPlatforms) = postSolution
		{78741629-3EBE-4AA4-BE92-211576FD9E69}.Debug|Any CPU.ActiveCfg = Debug|Any CPU
		{78741629-3EBE-4AA4-BE92-211576FD9E69}.Debug|Any CPU.Build.0 = Debug|Any CPU
		{78741629-3EBE-4AA4-BE92-211576FD9E69}.Release|Any CPU.ActiveCfg = Release|Any CPU
		{78741629-3EBE-4AA4-BE92-211576FD9E69}.Release|Any CPU.Build.0 = Release|Any CPU
	EndGlobalSection
	GlobalSection(SolutionProperties) = preSolution
		HideSolutionNode = FALSE
	EndGlobalSection
	GlobalSection(ExtensibilityGlobals) = postSolution
		SolutionGuid = {A97BA050-B751-46E7-AE3A-5FE86D509154}
	EndGlobalSection
EndGlobal
